// !$*UTF8*$!
{
	archiveVersion = 1;
	classes = {
	};
	objectVersion = 48;
	objects = {

/* Begin PBXBuildFile section */
		68D5181C20FF490200EFF038 /* AppDelegate.swift in Sources */ = {isa = PBXBuildFile; fileRef = 68D5181B20FF490200EFF038 /* AppDelegate.swift */; };
		68D5181E20FF490200EFF038 /* ViewController.swift in Sources */ = {isa = PBXBuildFile; fileRef = 68D5181D20FF490200EFF038 /* ViewController.swift */; };
		68D5182120FF490200EFF038 /* Main.storyboard in Resources */ = {isa = PBXBuildFile; fileRef = 68D5181F20FF490200EFF038 /* Main.storyboard */; };
		68D5182320FF490300EFF038 /* Assets.xcassets in Resources */ = {isa = PBXBuildFile; fileRef = 68D5182220FF490300EFF038 /* Assets.xcassets */; };
		68D5182620FF490300EFF038 /* LaunchScreen.storyboard in Resources */ = {isa = PBXBuildFile; fileRef = 68D5182420FF490300EFF038 /* LaunchScreen.storyboard */; };
		68D5183120FF490300EFF038 /* testTests.swift in Sources */ = {isa = PBXBuildFile; fileRef = 68D5183020FF490300EFF038 /* testTests.swift */; };
		68D5183C20FF490300EFF038 /* testUITests.swift in Sources */ = {isa = PBXBuildFile; fileRef = 68D5183B20FF490300EFF038 /* testUITests.swift */; };
		68D51850210F701100EFF038 /* rightyViewController.swift in Sources */ = {isa = PBXBuildFile; fileRef = 68D5184F210F701100EFF038 /* rightyViewController.swift */; };
		B2162A4F21292976000EF4BD /* HistoryTableViewController.swift in Sources */ = {isa = PBXBuildFile; fileRef = B2162A4E21292976000EF4BD /* HistoryTableViewController.swift */; };
/* End PBXBuildFile section */

/* Begin PBXContainerItemProxy section */
		68D5182D20FF490300EFF038 /* PBXContainerItemProxy */ = {
			isa = PBXContainerItemProxy;
			containerPortal = 68D5181020FF490100EFF038 /* Project object */;
			proxyType = 1;
			remoteGlobalIDString = 68D5181720FF490100EFF038;
			remoteInfo = test;
		};
		68D5183820FF490300EFF038 /* PBXContainerItemProxy */ = {
			isa = PBXContainerItemProxy;
			containerPortal = 68D5181020FF490100EFF038 /* Project object */;
			proxyType = 1;
			remoteGlobalIDString = 68D5181720FF490100EFF038;
			remoteInfo = test;
		};
/* End PBXContainerItemProxy section */

/* Begin PBXFileReference section */
		68D5181820FF490100EFF038 /* test.app */ = {isa = PBXFileReference; explicitFileType = wrapper.application; includeInIndex = 0; path = test.app; sourceTree = BUILT_PRODUCTS_DIR; };
		68D5181B20FF490200EFF038 /* AppDelegate.swift */ = {isa = PBXFileReference; lastKnownFileType = sourcecode.swift; path = AppDelegate.swift; sourceTree = "<group>"; };
		68D5181D20FF490200EFF038 /* ViewController.swift */ = {isa = PBXFileReference; lastKnownFileType = sourcecode.swift; path = ViewController.swift; sourceTree = "<group>"; };
		68D5182020FF490200EFF038 /* Base */ = {isa = PBXFileReference; lastKnownFileType = file.storyboard; name = Base; path = Base.lproj/Main.storyboard; sourceTree = "<group>"; };
		68D5182220FF490300EFF038 /* Assets.xcassets */ = {isa = PBXFileReference; lastKnownFileType = folder.assetcatalog; path = Assets.xcassets; sourceTree = "<group>"; };
		68D5182520FF490300EFF038 /* Base */ = {isa = PBXFileReference; lastKnownFileType = file.storyboard; name = Base; path = Base.lproj/LaunchScreen.storyboard; sourceTree = "<group>"; };
		68D5182720FF490300EFF038 /* Info.plist */ = {isa = PBXFileReference; lastKnownFileType = text.plist.xml; path = Info.plist; sourceTree = "<group>"; };
		68D5182C20FF490300EFF038 /* testTests.xctest */ = {isa = PBXFileReference; explicitFileType = wrapper.cfbundle; includeInIndex = 0; path = testTests.xctest; sourceTree = BUILT_PRODUCTS_DIR; };
		68D5183020FF490300EFF038 /* testTests.swift */ = {isa = PBXFileReference; lastKnownFileType = sourcecode.swift; path = testTests.swift; sourceTree = "<group>"; };
		68D5183220FF490300EFF038 /* Info.plist */ = {isa = PBXFileReference; lastKnownFileType = text.plist.xml; path = Info.plist; sourceTree = "<group>"; };
		68D5183720FF490300EFF038 /* testUITests.xctest */ = {isa = PBXFileReference; explicitFileType = wrapper.cfbundle; includeInIndex = 0; path = testUITests.xctest; sourceTree = BUILT_PRODUCTS_DIR; };
		68D5183B20FF490300EFF038 /* testUITests.swift */ = {isa = PBXFileReference; lastKnownFileType = sourcecode.swift; path = testUITests.swift; sourceTree = "<group>"; };
		68D5183D20FF490300EFF038 /* Info.plist */ = {isa = PBXFileReference; lastKnownFileType = text.plist.xml; path = Info.plist; sourceTree = "<group>"; };
		68D5184F210F701100EFF038 /* rightyViewController.swift */ = {isa = PBXFileReference; lastKnownFileType = sourcecode.swift; path = rightyViewController.swift; sourceTree = "<group>"; };
		B2162A4E21292976000EF4BD /* HistoryTableViewController.swift */ = {isa = PBXFileReference; lastKnownFileType = sourcecode.swift; path = HistoryTableViewController.swift; sourceTree = "<group>"; };
/* End PBXFileReference section */

/* Begin PBXFrameworksBuildPhase section */
		68D5181520FF490100EFF038 /* Frameworks */ = {
			isa = PBXFrameworksBuildPhase;
			buildActionMask = 2147483647;
			files = (
			);
			runOnlyForDeploymentPostprocessing = 0;
		};
		68D5182920FF490300EFF038 /* Frameworks */ = {
			isa = PBXFrameworksBuildPhase;
			buildActionMask = 2147483647;
			files = (
			);
			runOnlyForDeploymentPostprocessing = 0;
		};
		68D5183420FF490300EFF038 /* Frameworks */ = {
			isa = PBXFrameworksBuildPhase;
			buildActionMask = 2147483647;
			files = (
			);
			runOnlyForDeploymentPostprocessing = 0;
		};
/* End PBXFrameworksBuildPhase section */

/* Begin PBXGroup section */
		68D5180F20FF490100EFF038 = {
			isa = PBXGroup;
			children = (
				68D5181A20FF490200EFF038 /* test */,
				68D5182F20FF490300EFF038 /* testTests */,
				68D5183A20FF490300EFF038 /* testUITests */,
				68D5181920FF490100EFF038 /* Products */,
			);
			sourceTree = "<group>";
		};
		68D5181920FF490100EFF038 /* Products */ = {
			isa = PBXGroup;
			children = (
				68D5181820FF490100EFF038 /* test.app */,
				68D5182C20FF490300EFF038 /* testTests.xctest */,
				68D5183720FF490300EFF038 /* testUITests.xctest */,
			);
			name = Products;
			sourceTree = "<group>";
		};
		68D5181A20FF490200EFF038 /* test */ = {
			isa = PBXGroup;
			children = (
				68D5181B20FF490200EFF038 /* AppDelegate.swift */,
				68D5184F210F701100EFF038 /* rightyViewController.swift */,
				68D5181D20FF490200EFF038 /* ViewController.swift */,
				B2162A4E21292976000EF4BD /* HistoryTableViewController.swift */,
				68D5181F20FF490200EFF038 /* Main.storyboard */,
				68D5182220FF490300EFF038 /* Assets.xcassets */,
				68D5182420FF490300EFF038 /* LaunchScreen.storyboard */,
				68D5182720FF490300EFF038 /* Info.plist */,
			);
			path = test;
			sourceTree = "<group>";
		};
		68D5182F20FF490300EFF038 /* testTests */ = {
			isa = PBXGroup;
			children = (
				68D5183020FF490300EFF038 /* testTests.swift */,
				68D5183220FF490300EFF038 /* Info.plist */,
			);
			path = testTests;
			sourceTree = "<group>";
		};
		68D5183A20FF490300EFF038 /* testUITests */ = {
			isa = PBXGroup;
			children = (
				68D5183B20FF490300EFF038 /* testUITests.swift */,
				68D5183D20FF490300EFF038 /* Info.plist */,
			);
			path = testUITests;
			sourceTree = "<group>";
		};
/* End PBXGroup section */

/* Begin PBXNativeTarget section */
		68D5181720FF490100EFF038 /* test */ = {
			isa = PBXNativeTarget;
			buildConfigurationList = 68D5184020FF490300EFF038 /* Build configuration list for PBXNativeTarget "test" */;
			buildPhases = (
				68D5181420FF490100EFF038 /* Sources */,
				68D5181520FF490100EFF038 /* Frameworks */,
				68D5181620FF490100EFF038 /* Resources */,
			);
			buildRules = (
			);
			dependencies = (
			);
			name = test;
			productName = test;
			productReference = 68D5181820FF490100EFF038 /* test.app */;
			productType = "com.apple.product-type.application";
		};
		68D5182B20FF490300EFF038 /* testTests */ = {
			isa = PBXNativeTarget;
			buildConfigurationList = 68D5184320FF490300EFF038 /* Build configuration list for PBXNativeTarget "testTests" */;
			buildPhases = (
				68D5182820FF490300EFF038 /* Sources */,
				68D5182920FF490300EFF038 /* Frameworks */,
				68D5182A20FF490300EFF038 /* Resources */,
			);
			buildRules = (
			);
			dependencies = (
				68D5182E20FF490300EFF038 /* PBXTargetDependency */,
			);
			name = testTests;
			productName = testTests;
			productReference = 68D5182C20FF490300EFF038 /* testTests.xctest */;
			productType = "com.apple.product-type.bundle.unit-test";
		};
		68D5183620FF490300EFF038 /* testUITests */ = {
			isa = PBXNativeTarget;
			buildConfigurationList = 68D5184620FF490300EFF038 /* Build configuration list for PBXNativeTarget "testUITests" */;
			buildPhases = (
				68D5183320FF490300EFF038 /* Sources */,
				68D5183420FF490300EFF038 /* Frameworks */,
				68D5183520FF490300EFF038 /* Resources */,
			);
			buildRules = (
			);
			dependencies = (
				68D5183920FF490300EFF038 /* PBXTargetDependency */,
			);
			name = testUITests;
			productName = testUITests;
			productReference = 68D5183720FF490300EFF038 /* testUITests.xctest */;
			productType = "com.apple.product-type.bundle.ui-testing";
		};
/* End PBXNativeTarget section */

/* Begin PBXProject section */
		68D5181020FF490100EFF038 /* Project object */ = {
			isa = PBXProject;
			attributes = {
				LastSwiftUpdateCheck = 0940;
				LastUpgradeCheck = 0940;
				ORGANIZATIONNAME = "paris bread";
				TargetAttributes = {
					68D5181720FF490100EFF038 = {
						CreatedOnToolsVersion = 9.4.1;
						ProvisioningStyle = Automatic;
					};
					68D5182B20FF490300EFF038 = {
						CreatedOnToolsVersion = 9.4.1;
						ProvisioningStyle = Automatic;
						TestTargetID = 68D5181720FF490100EFF038;
					};
					68D5183620FF490300EFF038 = {
						CreatedOnToolsVersion = 9.4.1;
						ProvisioningStyle = Automatic;
						TestTargetID = 68D5181720FF490100EFF038;
					};
				};
			};
			buildConfigurationList = 68D5181320FF490100EFF038 /* Build configuration list for PBXProject "test" */;
			compatibilityVersion = "Xcode 8.0";
			developmentRegion = en;
			hasScannedForEncodings = 0;
			knownRegions = (
				en,
				Base,
			);
			mainGroup = 68D5180F20FF490100EFF038;
			productRefGroup = 68D5181920FF490100EFF038 /* Products */;
			projectDirPath = "";
			projectRoot = "";
			targets = (
				68D5181720FF490100EFF038 /* test */,
				68D5182B20FF490300EFF038 /* testTests */,
				68D5183620FF490300EFF038 /* testUITests */,
			);
		};
/* End PBXProject section */

/* Begin PBXResourcesBuildPhase section */
		68D5181620FF490100EFF038 /* Resources */ = {
			isa = PBXResourcesBuildPhase;
			buildActionMask = 2147483647;
			files = (
				68D5182620FF490300EFF038 /* LaunchScreen.storyboard in Resources */,
				68D5182320FF490300EFF038 /* Assets.xcassets in Resources */,
				68D5182120FF490200EFF038 /* Main.storyboard in Resources */,
			);
			runOnlyForDeploymentPostprocessing = 0;
		};
		68D5182A20FF490300EFF038 /* Resources */ = {
			isa = PBXResourcesBuildPhase;
			buildActionMask = 2147483647;
			files = (
			);
			runOnlyForDeploymentPostprocessing = 0;
		};
		68D5183520FF490300EFF038 /* Resources */ = {
			isa = PBXResourcesBuildPhase;
			buildActionMask = 2147483647;
			files = (
			);
			runOnlyForDeploymentPostprocessing = 0;
		};
/* End PBXResourcesBuildPhase section */

/* Begin PBXSourcesBuildPhase section */
		68D5181420FF490100EFF038 /* Sources */ = {
			isa = PBXSourcesBuildPhase;
			buildActionMask = 2147483647;
			files = (
				B2162A4F21292976000EF4BD /* HistoryTableViewController.swift in Sources */,
				68D5181E20FF490200EFF038 /* ViewController.swift in Sources */,
				68D51850210F701100EFF038 /* rightyViewController.swift in Sources */,
				68D5181C20FF490200EFF038 /* AppDelegate.swift in Sources */,
			);
			runOnlyForDeploymentPostprocessing = 0;
		};
		68D5182820FF490300EFF038 /* Sources */ = {
			isa = PBXSourcesBuildPhase;
			buildActionMask = 2147483647;
			files = (
				68D5183120FF490300EFF038 /* testTests.swift in Sources */,
			);
			runOnlyForDeploymentPostprocessing = 0;
		};
		68D5183320FF490300EFF038 /* Sources */ = {
			isa = PBXSourcesBuildPhase;
			buildActionMask = 2147483647;
			files = (
				68D5183C20FF490300EFF038 /* testUITests.swift in Sources */,
			);
			runOnlyForDeploymentPostprocessing = 0;
		};
/* End PBXSourcesBuildPhase section */

/* Begin PBXTargetDependency section */
		68D5182E20FF490300EFF038 /* PBXTargetDependency */ = {
			isa = PBXTargetDependency;
			target = 68D5181720FF490100EFF038 /* test */;
			targetProxy = 68D5182D20FF490300EFF038 /* PBXContainerItemProxy */;
		};
		68D5183920FF490300EFF038 /* PBXTargetDependency */ = {
			isa = PBXTargetDependency;
			target = 68D5181720FF490100EFF038 /* test */;
			targetProxy = 68D5183820FF490300EFF038 /* PBXContainerItemProxy */;
		};
/* End PBXTargetDependency section */

/* Begin PBXVariantGroup section */
		68D5181F20FF490200EFF038 /* Main.storyboard */ = {
			isa = PBXVariantGroup;
			children = (
				68D5182020FF490200EFF038 /* Base */,
			);
			name = Main.storyboard;
			sourceTree = "<group>";
		};
		68D5182420FF490300EFF038 /* LaunchScreen.storyboard */ = {
			isa = PBXVariantGroup;
			children = (
				68D5182520FF490300EFF038 /* Base */,
			);
			name = LaunchScreen.storyboard;
			sourceTree = "<group>";
		};
/* End PBXVariantGroup section */

/* Begin XCBuildConfiguration section */
		68D5183E20FF490300EFF038 /* Debug */ = {
			isa = XCBuildConfiguration;
			buildSettings = {
				ALWAYS_SEARCH_USER_PATHS = NO;
				CLANG_ANALYZER_NONNULL = YES;
				CLANG_ANALYZER_NUMBER_OBJECT_CONVERSION = YES_AGGRESSIVE;
				CLANG_CXX_LANGUAGE_STANDARD = "gnu++14";
				CLANG_CXX_LIBRARY = "libc++";
				CLANG_ENABLE_MODULES = YES;
				CLANG_ENABLE_OBJC_ARC = YES;
				CLANG_ENABLE_OBJC_WEAK = YES;
				CLANG_WARN_BLOCK_CAPTURE_AUTORELEASING = YES;
				CLANG_WARN_BOOL_CONVERSION = YES;
				CLANG_WARN_COMMA = YES;
				CLANG_WARN_CONSTANT_CONVERSION = YES;
				CLANG_WARN_DEPRECATED_OBJC_IMPLEMENTATIONS = YES;
				CLANG_WARN_DIRECT_OBJC_ISA_USAGE = YES_ERROR;
				CLANG_WARN_DOCUMENTATION_COMMENTS = YES;
				CLANG_WARN_EMPTY_BODY = YES;
				CLANG_WARN_ENUM_CONVERSION = YES;
				CLANG_WARN_INFINITE_RECURSION = YES;
				CLANG_WARN_INT_CONVERSION = YES;
				CLANG_WARN_NON_LITERAL_NULL_CONVERSION = YES;
				CLANG_WARN_OBJC_IMPLICIT_RETAIN_SELF = YES;
				CLANG_WARN_OBJC_LITERAL_CONVERSION = YES;
				CLANG_WARN_OBJC_ROOT_CLASS = YES_ERROR;
				CLANG_WARN_RANGE_LOOP_ANALYSIS = YES;
				CLANG_WARN_STRICT_PROTOTYPES = YES;
				CLANG_WARN_SUSPICIOUS_MOVE = YES;
				CLANG_WARN_UNGUARDED_AVAILABILITY = YES_AGGRESSIVE;
				CLANG_WARN_UNREACHABLE_CODE = YES;
				CLANG_WARN__DUPLICATE_METHOD_MATCH = YES;
				CODE_SIGN_IDENTITY = "iPhone Developer";
				COPY_PHASE_STRIP = NO;
				DEBUG_INFORMATION_FORMAT = dwarf;
				DEVELOPMENT_TEAM = MUAWU295Q3;
				ENABLE_STRICT_OBJC_MSGSEND = YES;
				ENABLE_TESTABILITY = YES;
				GCC_C_LANGUAGE_STANDARD = gnu11;
				GCC_DYNAMIC_NO_PIC = NO;
				GCC_NO_COMMON_BLOCKS = YES;
				GCC_OPTIMIZATION_LEVEL = 0;
				GCC_PREPROCESSOR_DEFINITIONS = (
					"DEBUG=1",
					"$(inherited)",
				);
				GCC_WARN_64_TO_32_BIT_CONVERSION = YES;
				GCC_WARN_ABOUT_RETURN_TYPE = YES_ERROR;
				GCC_WARN_UNDECLARED_SELECTOR = YES;
				GCC_WARN_UNINITIALIZED_AUTOS = YES_AGGRESSIVE;
				GCC_WARN_UNUSED_FUNCTION = YES;
				GCC_WARN_UNUSED_VARIABLE = YES;
				IPHONEOS_DEPLOYMENT_TARGET = 11.0;
				MTL_ENABLE_DEBUG_INFO = YES;
				ONLY_ACTIVE_ARCH = YES;
				SDKROOT = iphoneos;
				SWIFT_ACTIVE_COMPILATION_CONDITIONS = DEBUG;
				SWIFT_OPTIMIZATION_LEVEL = "-Onone";
			};
			name = Debug;
		};
		68D5183F20FF490300EFF038 /* Release */ = {
			isa = XCBuildConfiguration;
			buildSettings = {
				ALWAYS_SEARCH_USER_PATHS = NO;
				CLANG_ANALYZER_NONNULL = YES;
				CLANG_ANALYZER_NUMBER_OBJECT_CONVERSION = YES_AGGRESSIVE;
				CLANG_CXX_LANGUAGE_STANDARD = "gnu++14";
				CLANG_CXX_LIBRARY = "libc++";
				CLANG_ENABLE_MODULES = YES;
				CLANG_ENABLE_OBJC_ARC = YES;
				CLANG_ENABLE_OBJC_WEAK = YES;
				CLANG_WARN_BLOCK_CAPTURE_AUTORELEASING = YES;
				CLANG_WARN_BOOL_CONVERSION = YES;
				CLANG_WARN_COMMA = YES;
				CLANG_WARN_CONSTANT_CONVERSION = YES;
				CLANG_WARN_DEPRECATED_OBJC_IMPLEMENTATIONS = YES;
				CLANG_WARN_DIRECT_OBJC_ISA_USAGE = YES_ERROR;
				CLANG_WARN_DOCUMENTATION_COMMENTS = YES;
				CLANG_WARN_EMPTY_BODY = YES;
				CLANG_WARN_ENUM_CONVERSION = YES;
				CLANG_WARN_INFINITE_RECURSION = YES;
				CLANG_WARN_INT_CONVERSION = YES;
				CLANG_WARN_NON_LITERAL_NULL_CONVERSION = YES;
				CLANG_WARN_OBJC_IMPLICIT_RETAIN_SELF = YES;
				CLANG_WARN_OBJC_LITERAL_CONVERSION = YES;
				CLANG_WARN_OBJC_ROOT_CLASS = YES_ERROR;
				CLANG_WARN_RANGE_LOOP_ANALYSIS = YES;
				CLANG_WARN_STRICT_PROTOTYPES = YES;
				CLANG_WARN_SUSPICIOUS_MOVE = YES;
				CLANG_WARN_UNGUARDED_AVAILABILITY = YES_AGGRESSIVE;
				CLANG_WARN_UNREACHABLE_CODE = YES;
				CLANG_WARN__DUPLICATE_METHOD_MATCH = YES;
				CODE_SIGN_IDENTITY = "iPhone Developer";
				COPY_PHASE_STRIP = NO;
				DEBUG_INFORMATION_FORMAT = "dwarf-with-dsym";
				DEVELOPMENT_TEAM = MUAWU295Q3;
				ENABLE_NS_ASSERTIONS = NO;
				ENABLE_STRICT_OBJC_MSGSEND = YES;
				GCC_C_LANGUAGE_STANDARD = gnu11;
				GCC_NO_COMMON_BLOCKS = YES;
				GCC_WARN_64_TO_32_BIT_CONVERSION = YES;
				GCC_WARN_ABOUT_RETURN_TYPE = YES_ERROR;
				GCC_WARN_UNDECLARED_SELECTOR = YES;
				GCC_WARN_UNINITIALIZED_AUTOS = YES_AGGRESSIVE;
				GCC_WARN_UNUSED_FUNCTION = YES;
				GCC_WARN_UNUSED_VARIABLE = YES;
				IPHONEOS_DEPLOYMENT_TARGET = 11.0;
				MTL_ENABLE_DEBUG_INFO = NO;
				SDKROOT = iphoneos;
				SWIFT_COMPILATION_MODE = wholemodule;
				SWIFT_OPTIMIZATION_LEVEL = "-O";
				VALIDATE_PRODUCT = YES;
			};
			name = Release;
		};
		68D5184120FF490300EFF038 /* Debug */ = {
			isa = XCBuildConfiguration;
			buildSettings = {
				ASSETCATALOG_COMPILER_APPICON_NAME = AppIcon;
				CODE_SIGN_STYLE = Automatic;
				INFOPLIST_FILE = test/Info.plist;
				LD_RUNPATH_SEARCH_PATHS = "$(inherited) @executable_path/Frameworks";
				PRODUCT_BUNDLE_IDENTIFIER = hhh.test;
				PRODUCT_NAME = "$(TARGET_NAME)";
				SWIFT_VERSION = 4.0;
				TARGETED_DEVICE_FAMILY = "1,2";
			};
			name = Debug;
		};
		68D5184220FF490300EFF038 /* Release */ = {
			isa = XCBuildConfiguration;
			buildSettings = {
				ASSETCATALOG_COMPILER_APPICON_NAME = AppIcon;
				CODE_SIGN_STYLE = Automatic;
				INFOPLIST_FILE = test/Info.plist;
				LD_RUNPATH_SEARCH_PATHS = "$(inherited) @executable_path/Frameworks";
				PRODUCT_BUNDLE_IDENTIFIER = hhh.test;
				PRODUCT_NAME = "$(TARGET_NAME)";
				SWIFT_VERSION = 4.0;
				TARGETED_DEVICE_FAMILY = "1,2";
			};
			name = Release;
		};
		68D5184420FF490300EFF038 /* Debug */ = {
			isa = XCBuildConfiguration;
			buildSettings = {
				ALWAYS_EMBED_SWIFT_STANDARD_LIBRARIES = YES;
				BUNDLE_LOADER = "$(TEST_HOST)";
				CODE_SIGN_STYLE = Automatic;
				INFOPLIST_FILE = testTests/Info.plist;
				LD_RUNPATH_SEARCH_PATHS = "$(inherited) @executable_path/Frameworks @loader_path/Frameworks";
				PRODUCT_BUNDLE_IDENTIFIER = hhh.testTests;
				PRODUCT_NAME = "$(TARGET_NAME)";
				SWIFT_VERSION = 4.0;
				TARGETED_DEVICE_FAMILY = "1,2";
				TEST_HOST = "$(BUILT_PRODUCTS_DIR)/test.app/test";
			};
			name = Debug;
		};
		68D5184520FF490300EFF038 /* Release */ = {
			isa = XCBuildConfiguration;
			buildSettings = {
				ALWAYS_EMBED_SWIFT_STANDARD_LIBRARIES = YES;
				BUNDLE_LOADER = "$(TEST_HOST)";
				CODE_SIGN_STYLE = Automatic;
				INFOPLIST_FILE = testTests/Info.plist;
				LD_RUNPATH_SEARCH_PATHS = "$(inherited) @executable_path/Frameworks @loader_path/Frameworks";
				PRODUCT_BUNDLE_IDENTIFIER = hhh.testTests;
				PRODUCT_NAME = "$(TARGET_NAME)";
				SWIFT_VERSION = 4.0;
				TARGETED_DEVICE_FAMILY = "1,2";
				TEST_HOST = "$(BUILT_PRODUCTS_DIR)/test.app/test";
			};
			name = Release;
		};
		68D5184720FF490300EFF038 /* Debug */ = {
			isa = XCBuildConfiguration;
			buildSettings = {
				ALWAYS_EMBED_SWIFT_STANDARD_LIBRARIES = YES;
				CODE_SIGN_STYLE = Automatic;
				INFOPLIST_FILE = testUITests/Info.plist;
				LD_RUNPATH_SEARCH_PATHS = "$(inherited) @executable_path/Frameworks @loader_path/Frameworks";
				PRODUCT_BUNDLE_IDENTIFIER = hhh.testUITests;
				PRODUCT_NAME = "$(TARGET_NAME)";
				SWIFT_VERSION = 4.0;
				TARGETED_DEVICE_FAMILY = "1,2";
				TEST_TARGET_NAME = test;
			};
			name = Debug;
		};
		68D5184820FF490300EFF038 /* Release */ = {
			isa = XCBuildConfiguration;
			buildSettings = {
				ALWAYS_EMBED_SWIFT_STANDARD_LIBRARIES = YES;
				CODE_SIGN_STYLE = Automatic;
				INFOPLIST_FILE = testUITests/Info.plist;
				LD_RUNPATH_SEARCH_PATHS = "$(inherited) @executable_path/Frameworks @loader_path/Frameworks";
				PRODUCT_BUNDLE_IDENTIFIER = hhh.testUITests;
				PRODUCT_NAME = "$(TARGET_NAME)";
				SWIFT_VERSION = 4.0;
				TARGETED_DEVICE_FAMILY = "1,2";
				TEST_TARGET_NAME = test;
			};
			name = Release;
		};
/* End XCBuildConfiguration section */

/* Begin XCConfigurationList section */
		68D5181320FF490100EFF038 /* Build configuration list for PBXProject "test" */ = {
			isa = XCConfigurationList;
			buildConfigurations = (
				68D5183E20FF490300EFF038 /* Debug */,
				68D5183F20FF490300EFF038 /* Release */,
			);
			defaultConfigurationIsVisible = 0;
			defaultConfigurationName = Release;
		};
		68D5184020FF490300EFF038 /* Build configuration list for PBXNativeTarget "test" */ = {
			isa = XCConfigurationList;
			buildConfigurations = (
				68D5184120FF490300EFF038 /* Debug */,
				68D5184220FF490300EFF038 /* Release */,
			);
			defaultConfigurationIsVisible = 0;
			defaultConfigurationName = Release;
		};
		68D5184320FF490300EFF038 /* Build configuration list for PBXNativeTarget "testTests" */ = {
			isa = XCConfigurationList;
			buildConfigurations = (
				68D5184420FF490300EFF038 /* Debug */,
				68D5184520FF490300EFF038 /* Release */,
			);
			defaultConfigurationIsVisible = 0;
			defaultConfigurationName = Release;
		};
		68D5184620FF490300EFF038 /* Build configuration list for PBXNativeTarget "testUITests" */ = {
			isa = XCConfigurationList;
			buildConfigurations = (
				68D5184720FF490300EFF038 /* Debug */,
				68D5184820FF490300EFF038 /* Release */,
			);
			defaultConfigurationIsVisible = 0;
			defaultConfigurationName = Release;
		};
/* End XCConfigurationList section */
	};
	rootObject = 68D5181020FF490100EFF038 /* Project object */;
}
